
Microsoft Visual Studio Solution File, Format Version 12.00
# Visual Studio Version 17
VisualStudioVersion = 17.8.34511.84
MinimumVisualStudioVersion = 10.0.40219.1
Project("{FAE04EC0-301F-11D3-BF4B-00C04F79EFBC}") = "ProductAPI", "ProductAPI.csproj", "{6269468E-AEF1-4CF1-A1AD-D1E62D9D138B}"
EndProject
Project("{FAE04EC0-301F-11D3-BF4B-00C04F79EFBC}") = "TestApi", "..\TestApi\TestApi.csproj", "{B4BB3FD1-0131-48B8-9E8E-72C3E98F3AC0}"
EndProject
Global
	GlobalSection(SolutionConfigurationPlatforms) = preSolution
		Debug|Any CPU = Debug|Any CPU
		Release|Any CPU = Release|Any CPU
	EndGlobalSection
	GlobalSection(ProjectConfigurationPlatforms) = postSolution
		{6269468E-AEF1-4CF1-A1AD-D1E62D9D138B}.Debug|Any CPU.ActiveCfg = Debug|Any CPU
		{6269468E-AEF1-4CF1-A1AD-D1E62D9D138B}.Debug|Any CPU.Build.0 = Debug|Any CPU
		{6269468E-AEF1-4CF1-A1AD-D1E62D9D138B}.Release|Any CPU.ActiveCfg = Release|Any CPU
		{6269468E-AEF1-4CF1-A1AD-D1E62D9D138B}.Release|Any CPU.Build.0 = Release|Any CPU
		{B4BB3FD1-0131-48B8-9E8E-72C3E98F3AC0}.Debug|Any CPU.ActiveCfg = Debug|Any CPU
		{B4BB3FD1-0131-48B8-9E8E-72C3E98F3AC0}.Debug|Any CPU.Build.0 = Debug|Any CPU
		{B4BB3FD1-0131-48B8-9E8E-72C3E98F3AC0}.Release|Any CPU.ActiveCfg = Release|Any CPU
		{B4BB3FD1-0131-48B8-9E8E-72C3E98F3AC0}.Release|Any CPU.Build.0 = Release|Any CPU
	EndGlobalSection
	GlobalSection(SolutionProperties) = preSolution
		HideSolutionNode = FALSE
	EndGlobalSection
	GlobalSection(ExtensibilityGlobals) = postSolution
		SolutionGuid = {DB123ADD-2415-4B9A-B744-4BCD2BBF94AE}
	EndGlobalSection
EndGlobal
